// !$*UTF8*$!
{
	archiveVersion = 1;
	classes = {
	};
	objectVersion = 50;
	objects = {

/* Begin PBXBuildFile section */
		D005683225137A5A00E75A4E /* Preferences.storyboard in Resources */ = {isa = PBXBuildFile; fileRef = D005683125137A5A00E75A4E /* Preferences.storyboard */; };
		D005683A25137A7500E75A4E /* PreferencesTabViewController.swift in Sources */ = {isa = PBXBuildFile; fileRef = D005683425137A7400E75A4E /* PreferencesTabViewController.swift */; };
		D005683B25137A7500E75A4E /* GeneralPreferences.swift in Sources */ = {isa = PBXBuildFile; fileRef = D005683525137A7400E75A4E /* GeneralPreferences.swift */; };
		D005683C25137A7500E75A4E /* PreferencesWindow.swift in Sources */ = {isa = PBXBuildFile; fileRef = D005683625137A7400E75A4E /* PreferencesWindow.swift */; };
		D005683D25137A7500E75A4E /* GeneralPreferencesViewController.swift in Sources */ = {isa = PBXBuildFile; fileRef = D005683725137A7500E75A4E /* GeneralPreferencesViewController.swift */; };
		D005683E25137A7500E75A4E /* AdvancedPreferences.swift in Sources */ = {isa = PBXBuildFile; fileRef = D005683825137A7500E75A4E /* AdvancedPreferences.swift */; };
		D005683F25137A7500E75A4E /* AdvancedPreferencesViewController.swift in Sources */ = {isa = PBXBuildFile; fileRef = D005683925137A7500E75A4E /* AdvancedPreferencesViewController.swift */; };
		D00568412513C60200E75A4E /* MainWindowController.swift in Sources */ = {isa = PBXBuildFile; fileRef = D00568402513C60200E75A4E /* MainWindowController.swift */; };
		D075B756252EE59E00A16563 /* SpeechController.swift in Sources */ = {isa = PBXBuildFile; fileRef = D075B755252EE59E00A16563 /* SpeechController.swift */; };
		D0ED062D2511FD4F003B8AAA /* AppDelegate.swift in Sources */ = {isa = PBXBuildFile; fileRef = D0ED062C2511FD4F003B8AAA /* AppDelegate.swift */; };
		D0ED062F2511FD4F003B8AAA /* ViewController.swift in Sources */ = {isa = PBXBuildFile; fileRef = D0ED062E2511FD4F003B8AAA /* ViewController.swift */; };
		D0ED06312511FD55003B8AAA /* Assets.xcassets in Resources */ = {isa = PBXBuildFile; fileRef = D0ED06302511FD55003B8AAA /* Assets.xcassets */; };
		D0ED06342511FD56003B8AAA /* Main.storyboard in Resources */ = {isa = PBXBuildFile; fileRef = D0ED06322511FD56003B8AAA /* Main.storyboard */; };
/* End PBXBuildFile section */

/* Begin PBXFileReference section */
		D005683125137A5A00E75A4E /* Preferences.storyboard */ = {isa = PBXFileReference; fileEncoding = 4; lastKnownFileType = file.storyboard; path = Preferences.storyboard; sourceTree = "<group>"; };
		D005683425137A7400E75A4E /* PreferencesTabViewController.swift */ = {isa = PBXFileReference; fileEncoding = 4; lastKnownFileType = sourcecode.swift; path = PreferencesTabViewController.swift; sourceTree = "<group>"; };
		D005683525137A7400E75A4E /* GeneralPreferences.swift */ = {isa = PBXFileReference; fileEncoding = 4; lastKnownFileType = sourcecode.swift; path = GeneralPreferences.swift; sourceTree = "<group>"; };
		D005683625137A7400E75A4E /* PreferencesWindow.swift */ = {isa = PBXFileReference; fileEncoding = 4; lastKnownFileType = sourcecode.swift; path = PreferencesWindow.swift; sourceTree = "<group>"; };
		D005683725137A7500E75A4E /* GeneralPreferencesViewController.swift */ = {isa = PBXFileReference; fileEncoding = 4; lastKnownFileType = sourcecode.swift; path = GeneralPreferencesViewController.swift; sourceTree = "<group>"; };
		D005683825137A7500E75A4E /* AdvancedPreferences.swift */ = {isa = PBXFileReference; fileEncoding = 4; lastKnownFileType = sourcecode.swift; path = AdvancedPreferences.swift; sourceTree = "<group>"; };
		D005683925137A7500E75A4E /* AdvancedPreferencesViewController.swift */ = {isa = PBXFileReference; fileEncoding = 4; lastKnownFileType = sourcecode.swift; path = AdvancedPreferencesViewController.swift; sourceTree = "<group>"; };
		D00568402513C60200E75A4E /* MainWindowController.swift */ = {isa = PBXFileReference; lastKnownFileType = sourcecode.swift; path = MainWindowController.swift; sourceTree = "<group>"; };
		D075B755252EE59E00A16563 /* SpeechController.swift */ = {isa = PBXFileReference; lastKnownFileType = sourcecode.swift; path = SpeechController.swift; sourceTree = "<group>"; };
		D0ED06292511FD4F003B8AAA /* RecognizingSpeechInLiveAudio_macOS.app */ = {isa = PBXFileReference; explicitFileType = wrapper.application; includeInIndex = 0; path = RecognizingSpeechInLiveAudio_macOS.app; sourceTree = BUILT_PRODUCTS_DIR; };
		D0ED062C2511FD4F003B8AAA /* AppDelegate.swift */ = {isa = PBXFileReference; lastKnownFileType = sourcecode.swift; path = AppDelegate.swift; sourceTree = "<group>"; };
		D0ED062E2511FD4F003B8AAA /* ViewController.swift */ = {isa = PBXFileReference; lastKnownFileType = sourcecode.swift; path = ViewController.swift; sourceTree = "<group>"; };
		D0ED06302511FD55003B8AAA /* Assets.xcassets */ = {isa = PBXFileReference; lastKnownFileType = folder.assetcatalog; path = Assets.xcassets; sourceTree = "<group>"; };
		D0ED06332511FD56003B8AAA /* Base */ = {isa = PBXFileReference; lastKnownFileType = file.storyboard; name = Base; path = Base.lproj/Main.storyboard; sourceTree = "<group>"; };
		D0ED06352511FD56003B8AAA /* Info.plist */ = {isa = PBXFileReference; lastKnownFileType = text.plist.xml; path = Info.plist; sourceTree = "<group>"; };
		D0ED06362511FD56003B8AAA /* RecognizingSpeechInLiveAudio_macOS.entitlements */ = {isa = PBXFileReference; lastKnownFileType = text.plist.entitlements; path = RecognizingSpeechInLiveAudio_macOS.entitlements; sourceTree = "<group>"; };
/* End PBXFileReference section */

/* Begin PBXFrameworksBuildPhase section */
		D0ED06262511FD4F003B8AAA /* Frameworks */ = {
			isa = PBXFrameworksBuildPhase;
			buildActionMask = 2147483647;
			files = (
			);
			runOnlyForDeploymentPostprocessing = 0;
		};
/* End PBXFrameworksBuildPhase section */

/* Begin PBXGroup section */
		D005683325137A6600E75A4E /* Preferences */ = {
			isa = PBXGroup;
			children = (
				D005683125137A5A00E75A4E /* Preferences.storyboard */,
				D005683625137A7400E75A4E /* PreferencesWindow.swift */,
				D005683425137A7400E75A4E /* PreferencesTabViewController.swift */,
				D005683525137A7400E75A4E /* GeneralPreferences.swift */,
				D005683725137A7500E75A4E /* GeneralPreferencesViewController.swift */,
				D005683825137A7500E75A4E /* AdvancedPreferences.swift */,
				D005683925137A7500E75A4E /* AdvancedPreferencesViewController.swift */,
			);
			path = Preferences;
			sourceTree = "<group>";
		};
		D0ED06202511FD4F003B8AAA = {
			isa = PBXGroup;
			children = (
				D0ED062B2511FD4F003B8AAA /* RecognizingSpeechInLiveAudio_macOS */,
				D0ED062A2511FD4F003B8AAA /* Products */,
			);
			sourceTree = "<group>";
		};
		D0ED062A2511FD4F003B8AAA /* Products */ = {
			isa = PBXGroup;
			children = (
				D0ED06292511FD4F003B8AAA /* RecognizingSpeechInLiveAudio_macOS.app */,
			);
			name = Products;
			sourceTree = "<group>";
		};
		D0ED062B2511FD4F003B8AAA /* RecognizingSpeechInLiveAudio_macOS */ = {
			isa = PBXGroup;
			children = (
				D005683325137A6600E75A4E /* Preferences */,
				D0ED062C2511FD4F003B8AAA /* AppDelegate.swift */,
				D0ED062E2511FD4F003B8AAA /* ViewController.swift */,
				D00568402513C60200E75A4E /* MainWindowController.swift */,
				D075B755252EE59E00A16563 /* SpeechController.swift */,
				D0ED06302511FD55003B8AAA /* Assets.xcassets */,
				D0ED06322511FD56003B8AAA /* Main.storyboard */,
				D0ED06352511FD56003B8AAA /* Info.plist */,
				D0ED06362511FD56003B8AAA /* RecognizingSpeechInLiveAudio_macOS.entitlements */,
			);
			path = RecognizingSpeechInLiveAudio_macOS;
			sourceTree = "<group>";
		};
/* End PBXGroup section */

/* Begin PBXNativeTarget section */
		D0ED06282511FD4F003B8AAA /* RecognizingSpeechInLiveAudio_macOS */ = {
			isa = PBXNativeTarget;
			buildConfigurationList = D0ED06392511FD56003B8AAA /* Build configuration list for PBXNativeTarget "RecognizingSpeechInLiveAudio_macOS" */;
			buildPhases = (
				D0ED06252511FD4F003B8AAA /* Sources */,
				D0ED06262511FD4F003B8AAA /* Frameworks */,
				D0ED06272511FD4F003B8AAA /* Resources */,
			);
			buildRules = (
			);
			dependencies = (
			);
			name = RecognizingSpeechInLiveAudio_macOS;
			productName = RecognizingSpeechInLiveAudio_macOS;
			productReference = D0ED06292511FD4F003B8AAA /* RecognizingSpeechInLiveAudio_macOS.app */;
			productType = "com.apple.product-type.application";
		};
/* End PBXNativeTarget section */

/* Begin PBXProject section */
		D0ED06212511FD4F003B8AAA /* Project object */ = {
			isa = PBXProject;
			attributes = {
				LastSwiftUpdateCheck = 1170;
				LastUpgradeCheck = 1170;
				ORGANIZATIONNAME = hikeuchi;
				TargetAttributes = {
					D0ED06282511FD4F003B8AAA = {
						CreatedOnToolsVersion = 11.7;
					};
				};
			};
			buildConfigurationList = D0ED06242511FD4F003B8AAA /* Build configuration list for PBXProject "RecognizingSpeechInLiveAudio_macOS" */;
			compatibilityVersion = "Xcode 9.3";
			developmentRegion = en;
			hasScannedForEncodings = 0;
			knownRegions = (
				en,
				Base,
			);
			mainGroup = D0ED06202511FD4F003B8AAA;
			productRefGroup = D0ED062A2511FD4F003B8AAA /* Products */;
			projectDirPath = "";
			projectRoot = "";
			targets = (
				D0ED06282511FD4F003B8AAA /* RecognizingSpeechInLiveAudio_macOS */,
			);
		};
/* End PBXProject section */

/* Begin PBXResourcesBuildPhase section */
		D0ED06272511FD4F003B8AAA /* Resources */ = {
			isa = PBXResourcesBuildPhase;
			buildActionMask = 2147483647;
			files = (
				D005683225137A5A00E75A4E /* Preferences.storyboard in Resources */,
				D0ED06312511FD55003B8AAA /* Assets.xcassets in Resources */,
				D0ED06342511FD56003B8AAA /* Main.storyboard in Resources */,
			);
			runOnlyForDeploymentPostprocessing = 0;
		};
/* End PBXResourcesBuildPhase section */

/* Begin PBXSourcesBuildPhase section */
		D0ED06252511FD4F003B8AAA /* Sources */ = {
			isa = PBXSourcesBuildPhase;
			buildActionMask = 2147483647;
			files = (
				D0ED062F2511FD4F003B8AAA /* ViewController.swift in Sources */,
				D005683F25137A7500E75A4E /* AdvancedPreferencesViewController.swift in Sources */,
				D005683C25137A7500E75A4E /* PreferencesWindow.swift in Sources */,
				D005683A25137A7500E75A4E /* PreferencesTabViewController.swift in Sources */,
				D005683E25137A7500E75A4E /* AdvancedPreferences.swift in Sources */,
				D0ED062D2511FD4F003B8AAA /* AppDelegate.swift in Sources */,
				D005683D25137A7500E75A4E /* GeneralPreferencesViewController.swift in Sources */,
				D005683B25137A7500E75A4E /* GeneralPreferences.swift in Sources */,
				D00568412513C60200E75A4E /* MainWindowController.swift in Sources */,
				D075B756252EE59E00A16563 /* SpeechController.swift in Sources */,
			);
			runOnlyForDeploymentPostprocessing = 0;
		};
/* End PBXSourcesBuildPhase section */

/* Begin PBXVariantGroup section */
		D0ED06322511FD56003B8AAA /* Main.storyboard */ = {
			isa = PBXVariantGroup;
			children = (
				D0ED06332511FD56003B8AAA /* Base */,
			);
			name = Main.storyboard;
			sourceTree = "<group>";
		};
/* End PBXVariantGroup section */

/* Begin XCBuildConfiguration section */
		D0ED06372511FD56003B8AAA /* Debug */ = {
			isa = XCBuildConfiguration;
			buildSettings = {
				ALWAYS_SEARCH_USER_PATHS = NO;
				CLANG_ANALYZER_NONNULL = YES;
				CLANG_ANALYZER_NUMBER_OBJECT_CONVERSION = YES_AGGRESSIVE;
				CLANG_CXX_LANGUAGE_STANDARD = "gnu++14";
				CLANG_CXX_LIBRARY = "libc++";
				CLANG_ENABLE_MODULES = YES;
				CLANG_ENABLE_OBJC_ARC = YES;
				CLANG_ENABLE_OBJC_WEAK = YES;
				CLANG_WARN_BLOCK_CAPTURE_AUTORELEASING = YES;
				CLANG_WARN_BOOL_CONVERSION = YES;
				CLANG_WARN_COMMA = YES;
				CLANG_WARN_CONSTANT_CONVERSION = YES;
				CLANG_WARN_DEPRECATED_OBJC_IMPLEMENTATIONS = YES;
				CLANG_WARN_DIRECT_OBJC_ISA_USAGE = YES_ERROR;
				CLANG_WARN_DOCUMENTATION_COMMENTS = YES;
				CLANG_WARN_EMPTY_BODY = YES;
				CLANG_WARN_ENUM_CONVERSION = YES;
				CLANG_WARN_INFINITE_RECURSION = YES;
				CLANG_WARN_INT_CONVERSION = YES;
				CLANG_WARN_NON_LITERAL_NULL_CONVERSION = YES;
				CLANG_WARN_OBJC_IMPLICIT_RETAIN_SELF = YES;
				CLANG_WARN_OBJC_LITERAL_CONVERSION = YES;
				CLANG_WARN_OBJC_ROOT_CLASS = YES_ERROR;
				CLANG_WARN_RANGE_LOOP_ANALYSIS = YES;
				CLANG_WARN_STRICT_PROTOTYPES = YES;
				CLANG_WARN_SUSPICIOUS_MOVE = YES;
				CLANG_WARN_UNGUARDED_AVAILABILITY = YES_AGGRESSIVE;
				CLANG_WARN_UNREACHABLE_CODE = YES;
				CLANG_WARN__DUPLICATE_METHOD_MATCH = YES;
				COPY_PHASE_STRIP = NO;
				DEBUG_INFORMATION_FORMAT = dwarf;
				ENABLE_STRICT_OBJC_MSGSEND = YES;
				ENABLE_TESTABILITY = YES;
				GCC_C_LANGUAGE_STANDARD = gnu11;
				GCC_DYNAMIC_NO_PIC = NO;
				GCC_NO_COMMON_BLOCKS = YES;
				GCC_OPTIMIZATION_LEVEL = 0;
				GCC_PREPROCESSOR_DEFINITIONS = (
					"DEBUG=1",
					"$(inherited)",
				);
				GCC_WARN_64_TO_32_BIT_CONVERSION = YES;
				GCC_WARN_ABOUT_RETURN_TYPE = YES_ERROR;
				GCC_WARN_UNDECLARED_SELECTOR = YES;
				GCC_WARN_UNINITIALIZED_AUTOS = YES_AGGRESSIVE;
				GCC_WARN_UNUSED_FUNCTION = YES;
				GCC_WARN_UNUSED_VARIABLE = YES;
				MACOSX_DEPLOYMENT_TARGET = 10.15;
				MTL_ENABLE_DEBUG_INFO = INCLUDE_SOURCE;
				MTL_FAST_MATH = YES;
				ONLY_ACTIVE_ARCH = YES;
				SDKROOT = macosx;
				SWIFT_ACTIVE_COMPILATION_CONDITIONS = DEBUG;
				SWIFT_OPTIMIZATION_LEVEL = "-Onone";
			};
			name = Debug;
		};
		D0ED06382511FD56003B8AAA /* Release */ = {
			isa = XCBuildConfiguration;
			buildSettings = {
				ALWAYS_SEARCH_USER_PATHS = NO;
				CLANG_ANALYZER_NONNULL = YES;
				CLANG_ANALYZER_NUMBER_OBJECT_CONVERSION = YES_AGGRESSIVE;
				CLANG_CXX_LANGUAGE_STANDARD = "gnu++14";
				CLANG_CXX_LIBRARY = "libc++";
				CLANG_ENABLE_MODULES = YES;
				CLANG_ENABLE_OBJC_ARC = YES;
				CLANG_ENABLE_OBJC_WEAK = YES;
				CLANG_WARN_BLOCK_CAPTURE_AUTORELEASING = YES;
				CLANG_WARN_BOOL_CONVERSION = YES;
				CLANG_WARN_COMMA = YES;
				CLANG_WARN_CONSTANT_CONVERSION = YES;
				CLANG_WARN_DEPRECATED_OBJC_IMPLEMENTATIONS = YES;
				CLANG_WARN_DIRECT_OBJC_ISA_USAGE = YES_ERROR;
				CLANG_WARN_DOCUMENTATION_COMMENTS = YES;
				CLANG_WARN_EMPTY_BODY = YES;
				CLANG_WARN_ENUM_CONVERSION = YES;
				CLANG_WARN_INFINITE_RECURSION = YES;
				CLANG_WARN_INT_CONVERSION = YES;
				CLANG_WARN_NON_LITERAL_NULL_CONVERSION = YES;
				CLANG_WARN_OBJC_IMPLICIT_RETAIN_SELF = YES;
				CLANG_WARN_OBJC_LITERAL_CONVERSION = YES;
				CLANG_WARN_OBJC_ROOT_CLASS = YES_ERROR;
				CLANG_WARN_RANGE_LOOP_ANALYSIS = YES;
				CLANG_WARN_STRICT_PROTOTYPES = YES;
				CLANG_WARN_SUSPICIOUS_MOVE = YES;
				CLANG_WARN_UNGUARDED_AVAILABILITY = YES_AGGRESSIVE;
				CLANG_WARN_UNREACHABLE_CODE = YES;
				CLANG_WARN__DUPLICATE_METHOD_MATCH = YES;
				COPY_PHASE_STRIP = NO;
				DEBUG_INFORMATION_FORMAT = "dwarf-with-dsym";
				ENABLE_NS_ASSERTIONS = NO;
				ENABLE_STRICT_OBJC_MSGSEND = YES;
				GCC_C_LANGUAGE_STANDARD = gnu11;
				GCC_NO_COMMON_BLOCKS = YES;
				GCC_WARN_64_TO_32_BIT_CONVERSION = YES;
				GCC_WARN_ABOUT_RETURN_TYPE = YES_ERROR;
				GCC_WARN_UNDECLARED_SELECTOR = YES;
				GCC_WARN_UNINITIALIZED_AUTOS = YES_AGGRESSIVE;
				GCC_WARN_UNUSED_FUNCTION = YES;
				GCC_WARN_UNUSED_VARIABLE = YES;
				MACOSX_DEPLOYMENT_TARGET = 10.15;
				MTL_ENABLE_DEBUG_INFO = NO;
				MTL_FAST_MATH = YES;
				SDKROOT = macosx;
				SWIFT_COMPILATION_MODE = wholemodule;
				SWIFT_OPTIMIZATION_LEVEL = "-O";
			};
			name = Release;
		};
		D0ED063A2511FD56003B8AAA /* Debug */ = {
			isa = XCBuildConfiguration;
			buildSettings = {
				ASSETCATALOG_COMPILER_APPICON_NAME = AppIcon;
				CODE_SIGN_ENTITLEMENTS = RecognizingSpeechInLiveAudio_macOS/RecognizingSpeechInLiveAudio_macOS.entitlements;
				CODE_SIGN_STYLE = Automatic;
				COMBINE_HIDPI_IMAGES = YES;
				INFOPLIST_FILE = RecognizingSpeechInLiveAudio_macOS/Info.plist;
				LD_RUNPATH_SEARCH_PATHS = (
					"$(inherited)",
					"@executable_path/../Frameworks",
				);
				PRODUCT_BUNDLE_IDENTIFIER = "com.gmail.ikeh1024.RecognizingSpeechInLiveAudio-macOS";
				PRODUCT_NAME = "$(TARGET_NAME)";
				SWIFT_VERSION = 5.0;
			};
			name = Debug;
		};
		D0ED063B2511FD56003B8AAA /* Release */ = {
			isa = XCBuildConfiguration;
			buildSettings = {
				ASSETCATALOG_COMPILER_APPICON_NAME = AppIcon;
				CODE_SIGN_ENTITLEMENTS = RecognizingSpeechInLiveAudio_macOS/RecognizingSpeechInLiveAudio_macOS.entitlements;
				CODE_SIGN_STYLE = Automatic;
				COMBINE_HIDPI_IMAGES = YES;
				INFOPLIST_FILE = RecognizingSpeechInLiveAudio_macOS/Info.plist;
				LD_RUNPATH_SEARCH_PATHS = (
					"$(inherited)",
					"@executable_path/../Frameworks",
				);
				PRODUCT_BUNDLE_IDENTIFIER = "com.gmail.ikeh1024.RecognizingSpeechInLiveAudio-macOS";
				PRODUCT_NAME = "$(TARGET_NAME)";
				SWIFT_VERSION = 5.0;
			};
			name = Release;
		};
/* End XCBuildConfiguration section */

/* Begin XCConfigurationList section */
		D0ED06242511FD4F003B8AAA /* Build configuration list for PBXProject "RecognizingSpeechInLiveAudio_macOS" */ = {
			isa = XCConfigurationList;
			buildConfigurations = (
				D0ED06372511FD56003B8AAA /* Debug */,
				D0ED06382511FD56003B8AAA /* Release */,
			);
			defaultConfigurationIsVisible = 0;
			defaultConfigurationName = Release;
		};
		D0ED06392511FD56003B8AAA /* Build configuration list for PBXNativeTarget "RecognizingSpeechInLiveAudio_macOS" */ = {
			isa = XCConfigurationList;
			buildConfigurations = (
				D0ED063A2511FD56003B8AAA /* Debug */,
				D0ED063B2511FD56003B8AAA /* Release */,
			);
			defaultConfigurationIsVisible = 0;
			defaultConfigurationName = Release;
		};
/* End XCConfigurationList section */
	};
	rootObject = D0ED06212511FD4F003B8AAA /* Project object */;
}
